// !$*UTF8*$!
{
	archiveVersion = 1;
	classes = {
	};
	objectVersion = 46;
	objects = {

/* Begin PBXBuildFile section */
		CDAE99E61C1B7C7700C22D27 /* AppDelegate.swift in Sources */ = {isa = PBXBuildFile; fileRef = CDAE99E51C1B7C7700C22D27 /* AppDelegate.swift */; };
		CDAE99E81C1B7C7700C22D27 /* ViewController.swift in Sources */ = {isa = PBXBuildFile; fileRef = CDAE99E71C1B7C7700C22D27 /* ViewController.swift */; };
		CDAE99EB1C1B7C7700C22D27 /* Main.storyboard in Resources */ = {isa = PBXBuildFile; fileRef = CDAE99E91C1B7C7700C22D27 /* Main.storyboard */; };
		CDAE99ED1C1B7C7700C22D27 /* Assets.xcassets in Resources */ = {isa = PBXBuildFile; fileRef = CDAE99EC1C1B7C7700C22D27 /* Assets.xcassets */; };
		CDAE99F01C1B7C7700C22D27 /* LaunchScreen.storyboard in Resources */ = {isa = PBXBuildFile; fileRef = CDAE99EE1C1B7C7700C22D27 /* LaunchScreen.storyboard */; };
/* End PBXBuildFile section */

/* Begin PBXFileReference section */
		CDAE99E21C1B7C7700C22D27 /* spnx.app */ = {isa = PBXFileReference; explicitFileType = wrapper.application; includeInIndex = 0; path = spnx.app; sourceTree = BUILT_PRODUCTS_DIR; };
		CDAE99E51C1B7C7700C22D27 /* AppDelegate.swift */ = {isa = PBXFileReference; lastKnownFileType = sourcecode.swift; path = AppDelegate.swift; sourceTree = "<group>"; };
		CDAE99E71C1B7C7700C22D27 /* ViewController.swift */ = {isa = PBXFileReference; lastKnownFileType = sourcecode.swift; path = ViewController.swift; sourceTree = "<group>"; };
		CDAE99EA1C1B7C7700C22D27 /* Base */ = {isa = PBXFileReference; lastKnownFileType = file.storyboard; name = Base; path = Base.lproj/Main.storyboard; sourceTree = "<group>"; };
		CDAE99EC1C1B7C7700C22D27 /* Assets.xcassets */ = {isa = PBXFileReference; lastKnownFileType = folder.assetcatalog; path = Assets.xcassets; sourceTree = "<group>"; };
		CDAE99EF1C1B7C7700C22D27 /* Base */ = {isa = PBXFileReference; lastKnownFileType = file.storyboard; name = Base; path = Base.lproj/LaunchScreen.storyboard; sourceTree = "<group>"; };
		CDAE99F11C1B7C7700C22D27 /* Info.plist */ = {isa = PBXFileReference; lastKnownFileType = text.plist.xml; path = Info.plist; sourceTree = "<group>"; };
/* End PBXFileReference section */

/* Begin PBXFrameworksBuildPhase section */
		CDAE99DF1C1B7C7700C22D27 /* Frameworks */ = {
			isa = PBXFrameworksBuildPhase;
			buildActionMask = 2147483647;
			files = (
			);
			runOnlyForDeploymentPostprocessing = 0;
		};
/* End PBXFrameworksBuildPhase section */

/* Begin PBXGroup section */
		CDAE99D91C1B7C7700C22D27 = {
			isa = PBXGroup;
			children = (
				CDAE99E41C1B7C7700C22D27 /* spnx */,
				CDAE99E31C1B7C7700C22D27 /* Products */,
			);
			sourceTree = "<group>";
		};
		CDAE99E31C1B7C7700C22D27 /* Products */ = {
			isa = PBXGroup;
			children = (
				CDAE99E21C1B7C7700C22D27 /* spnx.app */,
			);
			name = Products;
			sourceTree = "<group>";
		};
		CDAE99E41C1B7C7700C22D27 /* spnx */ = {
			isa = PBXGroup;
			children = (
				CDAE99E51C1B7C7700C22D27 /* AppDelegate.swift */,
				CDAE99E71C1B7C7700C22D27 /* ViewController.swift */,
				CDAE99E91C1B7C7700C22D27 /* Main.storyboard */,
				CDAE99EC1C1B7C7700C22D27 /* Assets.xcassets */,
				CDAE99EE1C1B7C7700C22D27 /* LaunchScreen.storyboard */,
				CDAE99F11C1B7C7700C22D27 /* Info.plist */,
			);
			path = spnx;
			sourceTree = "<group>";
		};
/* End PBXGroup section */

/* Begin PBXNativeTarget section */
		CDAE99E11C1B7C7700C22D27 /* spnx */ = {
			isa = PBXNativeTarget;
			buildConfigurationList = CDAE99F41C1B7C7700C22D27 /* Build configuration list for PBXNativeTarget "spnx" */;
			buildPhases = (
				CDAE99DE1C1B7C7700C22D27 /* Sources */,
				CDAE99DF1C1B7C7700C22D27 /* Frameworks */,
				CDAE99E01C1B7C7700C22D27 /* Resources */,
			);
			buildRules = (
			);
			dependencies = (
			);
			name = spnx;
			productName = spnx;
			productReference = CDAE99E21C1B7C7700C22D27 /* spnx.app */;
			productType = "com.apple.product-type.application";
		};
/* End PBXNativeTarget section */

/* Begin PBXProject section */
		CDAE99DA1C1B7C7700C22D27 /* Project object */ = {
			isa = PBXProject;
			attributes = {
				LastSwiftUpdateCheck = 0720;
				LastUpgradeCheck = 0720;
				ORGANIZATIONNAME = "Nazariy Vlizlo";
				TargetAttributes = {
					CDAE99E11C1B7C7700C22D27 = {
						CreatedOnToolsVersion = 7.2;
					};
				};
			};
			buildConfigurationList = CDAE99DD1C1B7C7700C22D27 /* Build configuration list for PBXProject "spnx" */;
			compatibilityVersion = "Xcode 3.2";
			developmentRegion = English;
			hasScannedForEncodings = 0;
			knownRegions = (
				en,
				Base,
			);
			mainGroup = CDAE99D91C1B7C7700C22D27;
			productRefGroup = CDAE99E31C1B7C7700C22D27 /* Products */;
			projectDirPath = "";
			projectRoot = "";
			targets = (
				CDAE99E11C1B7C7700C22D27 /* spnx */,
			);
		};
/* End PBXProject section */

/* Begin PBXResourcesBuildPhase section */
		CDAE99E01C1B7C7700C22D27 /* Resources */ = {
			isa = PBXResourcesBuildPhase;
			buildActionMask = 2147483647;
			files = (
				CDAE99F01C1B7C7700C22D27 /* LaunchScreen.storyboard in Resources */,
				CDAE99ED1C1B7C7700C22D27 /* Assets.xcassets in Resources */,
				CDAE99EB1C1B7C7700C22D27 /* Main.storyboard in Resources */,
			);
			runOnlyForDeploymentPostprocessing = 0;
		};
/* End PBXResourcesBuildPhase section */

/* Begin PBXSourcesBuildPhase section */
		CDAE99DE1C1B7C7700C22D27 /* Sources */ = {
			isa = PBXSourcesBuildPhase;
			buildActionMask = 2147483647;
			files = (
				CDAE99E81C1B7C7700C22D27 /* ViewController.swift in Sources */,
				CDAE99E61C1B7C7700C22D27 /* AppDelegate.swift in Sources */,
			);
			runOnlyForDeploymentPostprocessing = 0;
		};
/* End PBXSourcesBuildPhase section */

/* Begin PBXVariantGroup section */
		CDAE99E91C1B7C7700C22D27 /* Main.storyboard */ = {
			isa = PBXVariantGroup;
			children = (
				CDAE99EA1C1B7C7700C22D27 /* Base */,
			);
			name = Main.storyboard;
			sourceTree = "<group>";
		};
		CDAE99EE1C1B7C7700C22D27 /* LaunchScreen.storyboard */ = {
			isa = PBXVariantGroup;
			children = (
				CDAE99EF1C1B7C7700C22D27 /* Base */,
			);
			name = LaunchScreen.storyboard;
			sourceTree = "<group>";
		};
/* End PBXVariantGroup section */

/* Begin XCBuildConfiguration section */
		CDAE99F21C1B7C7700C22D27 /* Debug */ = {
			isa = XCBuildConfiguration;
			buildSettings = {
				ALWAYS_SEARCH_USER_PATHS = NO;
				CLANG_CXX_LANGUAGE_STANDARD = "gnu++0x";
				CLANG_CXX_LIBRARY = "libc++";
				CLANG_ENABLE_MODULES = YES;
				CLANG_ENABLE_OBJC_ARC = YES;
				CLANG_WARN_BOOL_CONVERSION = YES;
				CLANG_WARN_CONSTANT_CONVERSION = YES;
				CLANG_WARN_DIRECT_OBJC_ISA_USAGE = YES_ERROR;
				CLANG_WARN_EMPTY_BODY = YES;
				CLANG_WARN_ENUM_CONVERSION = YES;
				CLANG_WARN_INT_CONVERSION = YES;
				CLANG_WARN_OBJC_ROOT_CLASS = YES_ERROR;
				CLANG_WARN_UNREACHABLE_CODE = YES;
				CLANG_WARN__DUPLICATE_METHOD_MATCH = YES;
				"CODE_SIGN_IDENTITY[sdk=iphoneos*]" = "iPhone Developer";
				COPY_PHASE_STRIP = NO;
				DEBUG_INFORMATION_FORMAT = dwarf;
				ENABLE_STRICT_OBJC_MSGSEND = YES;
				ENABLE_TESTABILITY = YES;
				GCC_C_LANGUAGE_STANDARD = gnu99;
				GCC_DYNAMIC_NO_PIC = NO;
				GCC_NO_COMMON_BLOCKS = YES;
				GCC_OPTIMIZATION_LEVEL = 0;
				GCC_PREPROCESSOR_DEFINITIONS = (
					"DEBUG=1",
					"$(inherited)",
				);
				GCC_WARN_64_TO_32_BIT_CONVERSION = YES;
				GCC_WARN_ABOUT_RETURN_TYPE = YES_ERROR;
				GCC_WARN_UNDECLARED_SELECTOR = YES;
				GCC_WARN_UNINITIALIZED_AUTOS = YES_AGGRESSIVE;
				GCC_WARN_UNUSED_FUNCTION = YES;
				GCC_WARN_UNUSED_VARIABLE = YES;
				IPHONEOS_DEPLOYMENT_TARGET = 8.0;
				MTL_ENABLE_DEBUG_INFO = YES;
				ONLY_ACTIVE_ARCH = YES;
				SDKROOT = iphoneos;
				SWIFT_OPTIMIZATION_LEVEL = "-Onone";
			};
			name = Debug;
		};
		CDAE99F31C1B7C7700C22D27 /* Release */ = {
			isa = XCBuildConfiguration;
			buildSettings = {
				ALWAYS_SEARCH_USER_PATHS = NO;
				CLANG_CXX_LANGUAGE_STANDARD = "gnu++0x";
				CLANG_CXX_LIBRARY = "libc++";
				CLANG_ENABLE_MODULES = YES;
				CLANG_ENABLE_OBJC_ARC = YES;
				CLANG_WARN_BOOL_CONVERSION = YES;
				CLANG_WARN_CONSTANT_CONVERSION = YES;
				CLANG_WARN_DIRECT_OBJC_ISA_USAGE = YES_ERROR;
				CLANG_WARN_EMPTY_BODY = YES;
				CLANG_WARN_ENUM_CONVERSION = YES;
				CLANG_WARN_INT_CONVERSION = YES;
				CLANG_WARN_OBJC_ROOT_CLASS = YES_ERROR;
				CLANG_WARN_UNREACHABLE_CODE = YES;
				CLANG_WARN__DUPLICATE_METHOD_MATCH = YES;
				"CODE_SIGN_IDENTITY[sdk=iphoneos*]" = "iPhone Developer";
				COPY_PHASE_STRIP = NO;
				DEBUG_INFORMATION_FORMAT = "dwarf-with-dsym";
				ENABLE_NS_ASSERTIONS = NO;
				ENABLE_STRICT_OBJC_MSGSEND = YES;
				GCC_C_LANGUAGE_STANDARD = gnu99;
				GCC_NO_COMMON_BLOCKS = YES;
				GCC_WARN_64_TO_32_BIT_CONVERSION = YES;
				GCC_WARN_ABOUT_RETURN_TYPE = YES_ERROR;
				GCC_WARN_UNDECLARED_SELECTOR = YES;
				GCC_WARN_UNINITIALIZED_AUTOS = YES_AGGRESSIVE;
				GCC_WARN_UNUSED_FUNCTION = YES;
				GCC_WARN_UNUSED_VARIABLE = YES;
				IPHONEOS_DEPLOYMENT_TARGET = 8.0;
				MTL_ENABLE_DEBUG_INFO = NO;
				SDKROOT = iphoneos;
				VALIDATE_PRODUCT = YES;
			};
			name = Release;
		};
		CDAE99F51C1B7C7700C22D27 /* Debug */ = {
			isa = XCBuildConfiguration;
			buildSettings = {
				ASSETCATALOG_COMPILER_APPICON_NAME = AppIcon;
				INFOPLIST_FILE = spnx/Info.plist;
				LD_RUNPATH_SEARCH_PATHS = "$(inherited) @executable_path/Frameworks";
				PRODUCT_BUNDLE_IDENTIFIER = "Nazariy-Vlizlo.spnx";
				PRODUCT_NAME = "$(TARGET_NAME)";
			};
			name = Debug;
		};
		CDAE99F61C1B7C7700C22D27 /* Release */ = {
			isa = XCBuildConfiguration;
			buildSettings = {
				ASSETCATALOG_COMPILER_APPICON_NAME = AppIcon;
				INFOPLIST_FILE = spnx/Info.plist;
				LD_RUNPATH_SEARCH_PATHS = "$(inherited) @executable_path/Frameworks";
				PRODUCT_BUNDLE_IDENTIFIER = "Nazariy-Vlizlo.spnx";
				PRODUCT_NAME = "$(TARGET_NAME)";
			};
			name = Release;
		};
/* End XCBuildConfiguration section */

/* Begin XCConfigurationList section */
		CDAE99DD1C1B7C7700C22D27 /* Build configuration list for PBXProject "spnx" */ = {
			isa = XCConfigurationList;
			buildConfigurations = (
				CDAE99F21C1B7C7700C22D27 /* Debug */,
				CDAE99F31C1B7C7700C22D27 /* Release */,
			);
			defaultConfigurationIsVisible = 0;
			defaultConfigurationName = Release;
		};
		CDAE99F41C1B7C7700C22D27 /* Build configuration list for PBXNativeTarget "spnx" */ = {
			isa = XCConfigurationList;
			buildConfigurations = (
				CDAE99F51C1B7C7700C22D27 /* Debug */,
				CDAE99F61C1B7C7700C22D27 /* Release */,
			);
			defaultConfigurationIsVisible = 0;
			defaultConfigurationName = Release;
		};
/* End XCConfigurationList section */
	};
	rootObject = CDAE99DA1C1B7C7700C22D27 /* Project object */;
}
